version = 1
requires-python = ">=3.11"

[[package]]
name = "glaciers"
version = "0.1.0"
source = { editable = "." }
dependencies = [
    { name = "maturin" },
    { name = "polars" },
    { name = "pyarrow" },
]

[package.metadata]
requires-dist = [
    { name = "maturin", specifier = ">=1.7.8" },
    { name = "polars", specifier = ">=1.17.1" },
    { name = "pyarrow", specifier = ">=18.1.0" },
]

[[package]]
name = "maturin"
version = "1.7.8"
source = { registry = "https://pypi.org/simple" }
sdist = { url = "https://files.pythonhosted.org/packages/ab/1e/085ddc0e5b08ae7af7a743a0dd6ed06b22a1332288488f1a333137885150/maturin-1.7.8.tar.gz", hash = "sha256:649c6ef3f0fa4c5f596140d761dc5a4d577c485cc32fb5b9b344a8280352880d", size = 195704 }
wheels = [
    { url = "https://files.pythonhosted.org/packages/7e/ed/c8bb26e91c879e418ae1b01630722ed20b6fe0e6755be8d538d83666f136/maturin-1.7.8-py3-none-linux_armv6l.whl", hash = "sha256:c6950fd2790acd93265e1501cea66f9249cff19724654424ca75a3b17ebb315b", size = 7515691 },
    { url = "https://files.pythonhosted.org/packages/38/7a/573f969315f0b92a09a0a565d45e98812c87796e2e19a7856159ab234faf/maturin-1.7.8-py3-none-macosx_10_12_x86_64.macosx_11_0_arm64.macosx_10_12_universal2.whl", hash = "sha256:f98288d5c382bacf0c076871dfd50c38f1eb2248f417551e98dd6f47f6ee8afa", size = 14434454 },
    { url = "https://files.pythonhosted.org/packages/a6/17/46834841fbf19231487f185e68b95ca348cc05cce49be8787e0bc7e9dc47/maturin-1.7.8-py3-none-macosx_10_12_x86_64.whl", hash = "sha256:b2d4e0f674ca29864e6b86c2eb9fee8236d1c7496c25f7300e34229272468f4c", size = 7509122 },
    { url = "https://files.pythonhosted.org/packages/c1/8f/bf8b4871eb390a4baef2e0bb5016852c7c0311a9772e2945534cfa2ee40e/maturin-1.7.8-py3-none-manylinux_2_12_i686.manylinux2010_i686.musllinux_1_1_i686.whl", hash = "sha256:6cafb17bf57822bdc04423d9e3e766d42918d474848fe9833e397267514ba891", size = 7598870 },
    { url = "https://files.pythonhosted.org/packages/dc/43/c842be67a7c59568082345249b956138ae93d0b2474fb41c186ce26d05e1/maturin-1.7.8-py3-none-manylinux_2_12_x86_64.manylinux2010_x86_64.musllinux_1_1_x86_64.whl", hash = "sha256:2b2bdee0c3a84696b3a809054c43ead1a04b7b3321cbd5b8f5676e4ba4691d0f", size = 7932310 },
    { url = "https://files.pythonhosted.org/packages/12/12/42435d05f2d6c75eb621751e6f021d29eb34d18e3b9c5c94d828744c2d54/maturin-1.7.8-py3-none-manylinux_2_17_aarch64.manylinux2014_aarch64.musllinux_1_1_aarch64.whl", hash = "sha256:b8188b71259fc2bc568d9c8acc186fcfed96f42539bcb55b8e6f4ec26e411f37", size = 7321964 },
    { url = "https://files.pythonhosted.org/packages/b4/26/f3272ee985ebf9b3e8c4cd4f4efb022af1e12c9f53aed0dcc9a255399f4e/maturin-1.7.8-py3-none-manylinux_2_17_armv7l.manylinux2014_armv7l.musllinux_1_1_armv7l.whl", hash = "sha256:a4f58c2a53c2958a1bf090960b08b28e676136cd88ac2f5dfdcf1b14ea54ec06", size = 7408613 },
    { url = "https://files.pythonhosted.org/packages/36/7d/be27bcc7d3ac6e6c2136a8ec0cc56f227a292d6cfdde55e095b6c0aa24a9/maturin-1.7.8-py3-none-manylinux_2_17_ppc64le.manylinux2014_ppc64le.musllinux_1_1_ppc64le.whl", hash = "sha256:c5d6c0c631d1fc646cd3834795e6cfd72ab4271d289df7e0f911261a02bec75f", size = 9496974 },
    { url = "https://files.pythonhosted.org/packages/e1/e8/0d7323e9a31c11edf69c4473d73eca74803ce3e2390abf8ae3ac7eb10b04/maturin-1.7.8-py3-none-manylinux_2_17_s390x.manylinux2014_s390x.whl", hash = "sha256:c23664d19dadcbf800ef70f26afb2e0485a985c62889930934f019c565534c23", size = 10828401 },
    { url = "https://files.pythonhosted.org/packages/7e/82/5080e052c0d8c9872f6d4b94cae84c17ed7f2ea270d709210ea6445b655f/maturin-1.7.8-py3-none-win32.whl", hash = "sha256:403eebf1afa6f19b49425f089e39c53b8e597bc86a47f3a76e828dc78d27fa80", size = 6845240 },
    { url = "https://files.pythonhosted.org/packages/6d/c9/9b162361ded893f36038c2f8ac6a972ec441c11df8d17c440997eb28090f/maturin-1.7.8-py3-none-win_amd64.whl", hash = "sha256:1ce48d007438b895f8665314b6748ac0dab31e4f32049a60b52281dd2dccbdde", size = 7762332 },
    { url = "https://files.pythonhosted.org/packages/fa/40/46d4742db742f69a7fe0054cd7c82bc79b2d70cb8c91f7e737e75c28a5f3/maturin-1.7.8-py3-none-win_arm64.whl", hash = "sha256:cc92a62953205e8945b6cfe6943d6a8576a4442d30d9c67141f944f4f4640e62", size = 6501353 },
]

[[package]]
name = "polars"
version = "1.17.1"
source = { registry = "https://pypi.org/simple" }
sdist = { url = "https://files.pythonhosted.org/packages/32/3b/40b42c6b0e54b001fbaaa55d3d769283e0d54541be783783e08da6a9c54a/polars-1.17.1.tar.gz", hash = "sha256:5a3dac3cb7cbe174d1fa898cba9afbede0c08e8728feeeab515554d762127019", size = 4220337 }
wheels = [
    { url = "https://files.pythonhosted.org/packages/5b/24/a7d97fb8988a3ccf9e285311fe9b04e8cec95657fc2b9f9a8ebedbcdd06f/polars-1.17.1-cp39-abi3-macosx_10_12_x86_64.whl", hash = "sha256:d3a2172f7cf332010f0b034345111e9c86d59b5a5b0fc5aa0509121f40d9e43c", size = 32993574 },
    { url = "https://files.pythonhosted.org/packages/84/4f/b892993474850e85ac05ffa6d0f312c207dcbb1e4a55dc6383f826d5a87d/polars-1.17.1-cp39-abi3-macosx_11_0_arm64.whl", hash = "sha256:82e98c69197df0d8ddc341a6175008508ceaea88f723f32044027810bcdb43fa", size = 28773084 },
    { url = "https://files.pythonhosted.org/packages/29/08/54fe197c9d5f951cf85944ff9cfe0a706dc9d2230e98814a125eda8a1d09/polars-1.17.1-cp39-abi3-manylinux_2_17_x86_64.manylinux2014_x86_64.whl", hash = "sha256:59abdab015ed2ecfa0c63862b960816c35096e1f4df057dde3c44cd973af5029", size = 36360758 },
    { url = "https://files.pythonhosted.org/packages/9b/0c/f5a100da6184f11838520a423a5830dabe194a0812c9fdbef419f2276a92/polars-1.17.1-cp39-abi3-manylinux_2_24_aarch64.whl", hash = "sha256:6d2f922c403b8900b3ae3c23a27b2cae3a2db40ad790cc4fc368402b92629b11", size = 32685903 },
    { url = "https://files.pythonhosted.org/packages/4b/59/cf2e88bebdffb7efb7e4f65f4ec9e293040c313d37e3628db87e4f64dca4/polars-1.17.1-cp39-abi3-win_amd64.whl", hash = "sha256:d38156c8259554cbcb17874d91e6dfa9c404335f08a3307496aadfdee46baa31", size = 35931768 },
]

[[package]]
name = "pyarrow"
version = "18.1.0"
source = { registry = "https://pypi.org/simple" }
sdist = { url = "https://files.pythonhosted.org/packages/7f/7b/640785a9062bb00314caa8a387abce547d2a420cf09bd6c715fe659ccffb/pyarrow-18.1.0.tar.gz", hash = "sha256:9386d3ca9c145b5539a1cfc75df07757dff870168c959b473a0bccbc3abc8c73", size = 1118671 }
wheels = [
    { url = "https://files.pythonhosted.org/packages/9e/4d/a4988e7d82f4fbc797715db4185939a658eeffb07a25bab7262bed1ea076/pyarrow-18.1.0-cp311-cp311-macosx_12_0_arm64.whl", hash = "sha256:eaeabf638408de2772ce3d7793b2668d4bb93807deed1725413b70e3156a7854", size = 29554860 },
    { url = "https://files.pythonhosted.org/packages/59/03/3a42c5c1e4bd4c900ab62aa1ff6b472bdb159ba8f1c3e5deadab7222244f/pyarrow-18.1.0-cp311-cp311-macosx_12_0_x86_64.whl", hash = "sha256:3b2e2239339c538f3464308fd345113f886ad031ef8266c6f004d49769bb074c", size = 30867076 },
    { url = "https://files.pythonhosted.org/packages/75/7e/332055ac913373e89256dce9d14b7708f55f7bd5be631456c897f0237738/pyarrow-18.1.0-cp311-cp311-manylinux_2_17_aarch64.manylinux2014_aarch64.whl", hash = "sha256:f39a2e0ed32a0970e4e46c262753417a60c43a3246972cfc2d3eb85aedd01b21", size = 39212135 },
    { url = "https://files.pythonhosted.org/packages/8c/64/5099cdb325828722ef7ffeba9a4696f238eb0cdeae227f831c2d77fcf1bd/pyarrow-18.1.0-cp311-cp311-manylinux_2_17_x86_64.manylinux2014_x86_64.whl", hash = "sha256:e31e9417ba9c42627574bdbfeada7217ad8a4cbbe45b9d6bdd4b62abbca4c6f6", size = 40125195 },
    { url = "https://files.pythonhosted.org/packages/83/88/1938d783727db1b178ff71bc6a6143d7939e406db83a9ec23cad3dad325c/pyarrow-18.1.0-cp311-cp311-manylinux_2_28_aarch64.whl", hash = "sha256:01c034b576ce0eef554f7c3d8c341714954be9b3f5d5bc7117006b85fcf302fe", size = 38641884 },
    { url = "https://files.pythonhosted.org/packages/5e/b5/9e14e9f7590e0eaa435ecea84dabb137284a4dbba7b3c337b58b65b76d95/pyarrow-18.1.0-cp311-cp311-manylinux_2_28_x86_64.whl", hash = "sha256:f266a2c0fc31995a06ebd30bcfdb7f615d7278035ec5b1cd71c48d56daaf30b0", size = 40076877 },
    { url = "https://files.pythonhosted.org/packages/4d/a3/817ac7fe0891a2d66e247e223080f3a6a262d8aefd77e11e8c27e6acf4e1/pyarrow-18.1.0-cp311-cp311-win_amd64.whl", hash = "sha256:d4f13eee18433f99adefaeb7e01d83b59f73360c231d4782d9ddfaf1c3fbde0a", size = 25119811 },
    { url = "https://files.pythonhosted.org/packages/6a/50/12829e7111b932581e51dda51d5cb39207a056c30fe31ef43f14c63c4d7e/pyarrow-18.1.0-cp312-cp312-macosx_12_0_arm64.whl", hash = "sha256:9f3a76670b263dc41d0ae877f09124ab96ce10e4e48f3e3e4257273cee61ad0d", size = 29514620 },
    { url = "https://files.pythonhosted.org/packages/d1/41/468c944eab157702e96abab3d07b48b8424927d4933541ab43788bb6964d/pyarrow-18.1.0-cp312-cp312-macosx_12_0_x86_64.whl", hash = "sha256:da31fbca07c435be88a0c321402c4e31a2ba61593ec7473630769de8346b54ee", size = 30856494 },
    { url = "https://files.pythonhosted.org/packages/68/f9/29fb659b390312a7345aeb858a9d9c157552a8852522f2c8bad437c29c0a/pyarrow-18.1.0-cp312-cp312-manylinux_2_17_aarch64.manylinux2014_aarch64.whl", hash = "sha256:543ad8459bc438efc46d29a759e1079436290bd583141384c6f7a1068ed6f992", size = 39203624 },
    { url = "https://files.pythonhosted.org/packages/6e/f6/19360dae44200e35753c5c2889dc478154cd78e61b1f738514c9f131734d/pyarrow-18.1.0-cp312-cp312-manylinux_2_17_x86_64.manylinux2014_x86_64.whl", hash = "sha256:0743e503c55be0fdb5c08e7d44853da27f19dc854531c0570f9f394ec9671d54", size = 40139341 },
    { url = "https://files.pythonhosted.org/packages/bb/e6/9b3afbbcf10cc724312e824af94a2e993d8ace22994d823f5c35324cebf5/pyarrow-18.1.0-cp312-cp312-manylinux_2_28_aarch64.whl", hash = "sha256:d4b3d2a34780645bed6414e22dda55a92e0fcd1b8a637fba86800ad737057e33", size = 38618629 },
    { url = "https://files.pythonhosted.org/packages/3a/2e/3b99f8a3d9e0ccae0e961978a0d0089b25fb46ebbcfb5ebae3cca179a5b3/pyarrow-18.1.0-cp312-cp312-manylinux_2_28_x86_64.whl", hash = "sha256:c52f81aa6f6575058d8e2c782bf79d4f9fdc89887f16825ec3a66607a5dd8e30", size = 40078661 },
    { url = "https://files.pythonhosted.org/packages/76/52/f8da04195000099d394012b8d42c503d7041b79f778d854f410e5f05049a/pyarrow-18.1.0-cp312-cp312-win_amd64.whl", hash = "sha256:0ad4892617e1a6c7a551cfc827e072a633eaff758fa09f21c4ee548c30bcaf99", size = 25092330 },
    { url = "https://files.pythonhosted.org/packages/cb/87/aa4d249732edef6ad88899399047d7e49311a55749d3c373007d034ee471/pyarrow-18.1.0-cp313-cp313-macosx_12_0_arm64.whl", hash = "sha256:84e314d22231357d473eabec709d0ba285fa706a72377f9cc8e1cb3c8013813b", size = 29497406 },
    { url = "https://files.pythonhosted.org/packages/3c/c7/ed6adb46d93a3177540e228b5ca30d99fc8ea3b13bdb88b6f8b6467e2cb7/pyarrow-18.1.0-cp313-cp313-macosx_12_0_x86_64.whl", hash = "sha256:f591704ac05dfd0477bb8f8e0bd4b5dc52c1cadf50503858dce3a15db6e46ff2", size = 30835095 },
    { url = "https://files.pythonhosted.org/packages/41/d7/ed85001edfb96200ff606943cff71d64f91926ab42828676c0fc0db98963/pyarrow-18.1.0-cp313-cp313-manylinux_2_17_aarch64.manylinux2014_aarch64.whl", hash = "sha256:acb7564204d3c40babf93a05624fc6a8ec1ab1def295c363afc40b0c9e66c191", size = 39194527 },
    { url = "https://files.pythonhosted.org/packages/59/16/35e28eab126342fa391593415d79477e89582de411bb95232f28b131a769/pyarrow-18.1.0-cp313-cp313-manylinux_2_17_x86_64.manylinux2014_x86_64.whl", hash = "sha256:74de649d1d2ccb778f7c3afff6085bd5092aed4c23df9feeb45dd6b16f3811aa", size = 40131443 },
    { url = "https://files.pythonhosted.org/packages/0c/95/e855880614c8da20f4cd74fa85d7268c725cf0013dc754048593a38896a0/pyarrow-18.1.0-cp313-cp313-manylinux_2_28_aarch64.whl", hash = "sha256:f96bd502cb11abb08efea6dab09c003305161cb6c9eafd432e35e76e7fa9b90c", size = 38608750 },
    { url = "https://files.pythonhosted.org/packages/54/9d/f253554b1457d4fdb3831b7bd5f8f00f1795585a606eabf6fec0a58a9c38/pyarrow-18.1.0-cp313-cp313-manylinux_2_28_x86_64.whl", hash = "sha256:36ac22d7782554754a3b50201b607d553a8d71b78cdf03b33c1125be4b52397c", size = 40066690 },
    { url = "https://files.pythonhosted.org/packages/2f/58/8912a2563e6b8273e8aa7b605a345bba5a06204549826f6493065575ebc0/pyarrow-18.1.0-cp313-cp313-win_amd64.whl", hash = "sha256:25dbacab8c5952df0ca6ca0af28f50d45bd31c1ff6fcf79e2d120b4a65ee7181", size = 25081054 },
    { url = "https://files.pythonhosted.org/packages/82/f9/d06ddc06cab1ada0c2f2fd205ac8c25c2701182de1b9c4bf7a0a44844431/pyarrow-18.1.0-cp313-cp313t-macosx_12_0_arm64.whl", hash = "sha256:6a276190309aba7bc9d5bd2933230458b3521a4317acfefe69a354f2fe59f2bc", size = 29525542 },
    { url = "https://files.pythonhosted.org/packages/ab/94/8917e3b961810587ecbdaa417f8ebac0abb25105ae667b7aa11c05876976/pyarrow-18.1.0-cp313-cp313t-macosx_12_0_x86_64.whl", hash = "sha256:ad514dbfcffe30124ce655d72771ae070f30bf850b48bc4d9d3b25993ee0e386", size = 30829412 },
    { url = "https://files.pythonhosted.org/packages/5e/e3/3b16c3190f3d71d3b10f6758d2d5f7779ef008c4fd367cedab3ed178a9f7/pyarrow-18.1.0-cp313-cp313t-manylinux_2_17_aarch64.manylinux2014_aarch64.whl", hash = "sha256:aebc13a11ed3032d8dd6e7171eb6e86d40d67a5639d96c35142bd568b9299324", size = 39119106 },
    { url = "https://files.pythonhosted.org/packages/1d/d6/5d704b0d25c3c79532f8c0639f253ec2803b897100f64bcb3f53ced236e5/pyarrow-18.1.0-cp313-cp313t-manylinux_2_17_x86_64.manylinux2014_x86_64.whl", hash = "sha256:d6cf5c05f3cee251d80e98726b5c7cc9f21bab9e9783673bac58e6dfab57ecc8", size = 40090940 },
    { url = "https://files.pythonhosted.org/packages/37/29/366bc7e588220d74ec00e497ac6710c2833c9176f0372fe0286929b2d64c/pyarrow-18.1.0-cp313-cp313t-manylinux_2_28_aarch64.whl", hash = "sha256:11b676cd410cf162d3f6a70b43fb9e1e40affbc542a1e9ed3681895f2962d3d9", size = 38548177 },
    { url = "https://files.pythonhosted.org/packages/c8/11/fabf6ecabb1fe5b7d96889228ca2a9158c4c3bb732e3b8ee3f7f6d40b703/pyarrow-18.1.0-cp313-cp313t-manylinux_2_28_x86_64.whl", hash = "sha256:b76130d835261b38f14fc41fdfb39ad8d672afb84c447126b84d5472244cfaba", size = 40043567 },
]
